{
  "name": "server",
  "version": "0.0.0",
  "lockfileVersion": 1,
  "requires": true,
  "dependencies": {
    "evenboy-ip2region": {
      "version": "0.0.3",
      "resolved": "https://registry.npmjs.org/evenboy-ip2region/-/evenboy-ip2region-0.0.3.tgz",
      "integrity": "sha512-Nuz4OOuTCm6arOaE1id3oTC0P8vGj142SLdx7Nw/Nw/3ZFyicft1l51bEre1wtdImEQgMhjtfGCWZC/fHgHeMg=="
    }
  }
}
